
Microsoft Visual Studio Solution File, Format Version 12.00
# Visual Studio Version 17
VisualStudioVersion = 17.3.32922.545
MinimumVisualStudioVersion = 10.0.40219.1
Project("{FAE04EC0-301F-11D3-BF4B-00C04F79EFBC}") = "RiotNet", "RiotNet.csproj", "{CF68A94F-5F43-42E2-AE98-7A9DBCC61915}"
EndProject
Global
	GlobalSection(SolutionConfigurationPlatforms) = preSolution
		Debug|Any CPU = Debug|Any CPU
		Release|Any CPU = Release|Any CPU
	EndGlobalSection
	GlobalSection(ProjectConfigurationPlatforms) = postSolution
		{CF68A94F-5F43-42E2-AE98-7A9DBCC61915}.Debug|Any CPU.ActiveCfg = Debug|Any CPU
		{CF68A94F-5F43-42E2-AE98-7A9DBCC61915}.Debug|Any CPU.Build.0 = Debug|Any CPU
		{CF68A94F-5F43-42E2-AE98-7A9DBCC61915}.Release|Any CPU.ActiveCfg = Release|Any CPU
		{CF68A94F-5F43-42E2-AE98-7A9DBCC61915}.Release|Any CPU.Build.0 = Release|Any CPU
	EndGlobalSection
	GlobalSection(SolutionProperties) = preSolution
		HideSolutionNode = FALSE
	EndGlobalSection
	GlobalSection(ExtensibilityGlobals) = postSolution
		SolutionGuid = {B3731A62-A03D-48FA-B7D9-F2CC5609BCEA}
	EndGlobalSection
EndGlobal
